%{"cowlib": {:git, "git://github.com/extend/cowlib.git", "14e597baa42a436469f99661ed7994685e269dc2", [ref: "1.3.0"]},
  "gun": {:git, "git://github.com/extend/gun.git", "427230d6f94f5b8a396fd504a73d73d1d65ab0a7", [ref: "427230d"]},
  "hackney": {:git, "git://github.com/benoitc/hackney.git", "735f44e8f17ec340aa9fde467913d417a4fd3b94", [tag: "1.3.1"]},
  "ibrowse": {:git, "git://github.com/cmullaparthi/ibrowse.git", "5ee4a806611fcf25cc74155871571e9983a0d0fc", [branch: "master"]},
  "idna": {:git, "https://github.com/benoitc/erlang-idna", "c80afc2c3120010fd22287a3b2ef2bbbde57ff40", [tag: "1.0.2"]},
  "ranch": {:git, "git://github.com/extend/ranch.git", "9508d521c4f8ffd88374281c8e37ebaaa262a784", [ref: "master"]},
  "shotgun": {:git, "git://github.com/inaka/shotgun.git", "4e4f4bd5f4c8cc89da4964d992a845c5eca43963", [tag: "0.1.12"]},
  "ssl_verify_hostname": {:git, "https://github.com/deadtrickster/ssl_verify_hostname.erl", "1105981e2c3afb40dcda46163aa54c3f931a1e0b", [tag: "1.0.5"]},
  "statistics": {:hex, :statistics, "0.2.3"},
  "timex": {:hex, :timex, "0.16.2"},
  "tzdata": {:hex, :tzdata, "0.1.6"}}
